// !$*UTF8*$!
{
	archiveVersion = 1;
	classes = {
	};
	objectVersion = 56;
	objects = {

/* Begin PBXBuildFile section */
		5E8FB91C29BCAE8500BEA6B6 /* AppDelegate.swift in Sources */ = {isa = PBXBuildFile; fileRef = 5E8FB91B29BCAE8500BEA6B6 /* AppDelegate.swift */; };
		5E8FB91E29BCAE8500BEA6B6 /* SceneDelegate.swift in Sources */ = {isa = PBXBuildFile; fileRef = 5E8FB91D29BCAE8500BEA6B6 /* SceneDelegate.swift */; };
		5E8FB92029BCAE8500BEA6B6 /* ViewController.swift in Sources */ = {isa = PBXBuildFile; fileRef = 5E8FB91F29BCAE8500BEA6B6 /* ViewController.swift */; };
		5E8FB92529BCAE8700BEA6B6 /* Assets.xcassets in Resources */ = {isa = PBXBuildFile; fileRef = 5E8FB92429BCAE8700BEA6B6 /* Assets.xcassets */; };
		5E8FB92829BCAE8700BEA6B6 /* LaunchScreen.storyboard in Resources */ = {isa = PBXBuildFile; fileRef = 5E8FB92629BCAE8700BEA6B6 /* LaunchScreen.storyboard */; };
		5E8FB93229BCC32300BEA6B6 /* APIKey.swift in Sources */ = {isa = PBXBuildFile; fileRef = 5E8FB93129BCC32300BEA6B6 /* APIKey.swift */; };
		5E8FB93529BCC48800BEA6B6 /* News.swift in Sources */ = {isa = PBXBuildFile; fileRef = 5E8FB93429BCC48800BEA6B6 /* News.swift */; };
		5E8FB93829BCC7A300BEA6B6 /* NetworkManager.swift in Sources */ = {isa = PBXBuildFile; fileRef = 5E8FB93729BCC7A300BEA6B6 /* NetworkManager.swift */; };
/* End PBXBuildFile section */

/* Begin PBXFileReference section */
		5E8FB91829BCAE8500BEA6B6 /* BreakingNewsNetwork.app */ = {isa = PBXFileReference; explicitFileType = wrapper.application; includeInIndex = 0; path = BreakingNewsNetwork.app; sourceTree = BUILT_PRODUCTS_DIR; };
		5E8FB91B29BCAE8500BEA6B6 /* AppDelegate.swift */ = {isa = PBXFileReference; lastKnownFileType = sourcecode.swift; path = AppDelegate.swift; sourceTree = "<group>"; };
		5E8FB91D29BCAE8500BEA6B6 /* SceneDelegate.swift */ = {isa = PBXFileReference; lastKnownFileType = sourcecode.swift; path = SceneDelegate.swift; sourceTree = "<group>"; };
		5E8FB91F29BCAE8500BEA6B6 /* ViewController.swift */ = {isa = PBXFileReference; lastKnownFileType = sourcecode.swift; path = ViewController.swift; sourceTree = "<group>"; };
		5E8FB92429BCAE8700BEA6B6 /* Assets.xcassets */ = {isa = PBXFileReference; lastKnownFileType = folder.assetcatalog; path = Assets.xcassets; sourceTree = "<group>"; };
		5E8FB92729BCAE8700BEA6B6 /* Base */ = {isa = PBXFileReference; lastKnownFileType = file.storyboard; name = Base; path = Base.lproj/LaunchScreen.storyboard; sourceTree = "<group>"; };
		5E8FB92929BCAE8700BEA6B6 /* Info.plist */ = {isa = PBXFileReference; lastKnownFileType = text.plist.xml; path = Info.plist; sourceTree = "<group>"; };
		5E8FB93129BCC32300BEA6B6 /* APIKey.swift */ = {isa = PBXFileReference; lastKnownFileType = sourcecode.swift; path = APIKey.swift; sourceTree = "<group>"; };
		5E8FB93429BCC48800BEA6B6 /* News.swift */ = {isa = PBXFileReference; lastKnownFileType = sourcecode.swift; path = News.swift; sourceTree = "<group>"; };
		5E8FB93729BCC7A300BEA6B6 /* NetworkManager.swift */ = {isa = PBXFileReference; lastKnownFileType = sourcecode.swift; path = NetworkManager.swift; sourceTree = "<group>"; };
/* End PBXFileReference section */

/* Begin PBXFrameworksBuildPhase section */
		5E8FB91529BCAE8500BEA6B6 /* Frameworks */ = {
			isa = PBXFrameworksBuildPhase;
			buildActionMask = 2147483647;
			files = (
			);
			runOnlyForDeploymentPostprocessing = 0;
		};
/* End PBXFrameworksBuildPhase section */

/* Begin PBXGroup section */
		5E8FB90F29BCAE8500BEA6B6 = {
			isa = PBXGroup;
			children = (
				5E8FB91A29BCAE8500BEA6B6 /* BreakingNewsNetwork */,
				5E8FB91929BCAE8500BEA6B6 /* Products */,
			);
			sourceTree = "<group>";
		};
		5E8FB91929BCAE8500BEA6B6 /* Products */ = {
			isa = PBXGroup;
			children = (
				5E8FB91829BCAE8500BEA6B6 /* BreakingNewsNetwork.app */,
			);
			name = Products;
			sourceTree = "<group>";
		};
		5E8FB91A29BCAE8500BEA6B6 /* BreakingNewsNetwork */ = {
			isa = PBXGroup;
			children = (
				5E8FB93029BCC30F00BEA6B6 /* Config */,
				5E8FB93629BCC78700BEA6B6 /* Services */,
				5E8FB93329BCC47600BEA6B6 /* Models */,
				5E8FB93A29BCD2E300BEA6B6 /* Controllers */,
				5E8FB92F29BCAF0B00BEA6B6 /* Application */,
				5E8FB93929BCD11800BEA6B6 /* DefaultFiles */,
			);
			path = BreakingNewsNetwork;
			sourceTree = "<group>";
		};
		5E8FB92F29BCAF0B00BEA6B6 /* Application */ = {
			isa = PBXGroup;
			children = (
				5E8FB91B29BCAE8500BEA6B6 /* AppDelegate.swift */,
				5E8FB91D29BCAE8500BEA6B6 /* SceneDelegate.swift */,
			);
			path = Application;
			sourceTree = "<group>";
		};
		5E8FB93029BCC30F00BEA6B6 /* Config */ = {
			isa = PBXGroup;
			children = (
				5E8FB93129BCC32300BEA6B6 /* APIKey.swift */,
			);
			path = Config;
			sourceTree = "<group>";
		};
		5E8FB93329BCC47600BEA6B6 /* Models */ = {
			isa = PBXGroup;
			children = (
				5E8FB93429BCC48800BEA6B6 /* News.swift */,
			);
			path = Models;
			sourceTree = "<group>";
		};
		5E8FB93629BCC78700BEA6B6 /* Services */ = {
			isa = PBXGroup;
			children = (
				5E8FB93729BCC7A300BEA6B6 /* NetworkManager.swift */,
			);
			path = Services;
			sourceTree = "<group>";
		};
		5E8FB93929BCD11800BEA6B6 /* DefaultFiles */ = {
			isa = PBXGroup;
			children = (
				5E8FB92429BCAE8700BEA6B6 /* Assets.xcassets */,
				5E8FB92629BCAE8700BEA6B6 /* LaunchScreen.storyboard */,
				5E8FB92929BCAE8700BEA6B6 /* Info.plist */,
			);
			path = DefaultFiles;
			sourceTree = "<group>";
		};
		5E8FB93A29BCD2E300BEA6B6 /* Controllers */ = {
			isa = PBXGroup;
			children = (
				5E8FB91F29BCAE8500BEA6B6 /* ViewController.swift */,
			);
			path = Controllers;
			sourceTree = "<group>";
		};
/* End PBXGroup section */

/* Begin PBXNativeTarget section */
		5E8FB91729BCAE8500BEA6B6 /* BreakingNewsNetwork */ = {
			isa = PBXNativeTarget;
			buildConfigurationList = 5E8FB92C29BCAE8700BEA6B6 /* Build configuration list for PBXNativeTarget "BreakingNewsNetwork" */;
			buildPhases = (
				5E8FB91429BCAE8500BEA6B6 /* Sources */,
				5E8FB91529BCAE8500BEA6B6 /* Frameworks */,
				5E8FB91629BCAE8500BEA6B6 /* Resources */,
			);
			buildRules = (
			);
			dependencies = (
			);
			name = BreakingNewsNetwork;
			productName = BreakingNewsNetwork;
			productReference = 5E8FB91829BCAE8500BEA6B6 /* BreakingNewsNetwork.app */;
			productType = "com.apple.product-type.application";
		};
/* End PBXNativeTarget section */

/* Begin PBXProject section */
		5E8FB91029BCAE8500BEA6B6 /* Project object */ = {
			isa = PBXProject;
			attributes = {
				BuildIndependentTargetsInParallel = 1;
				LastSwiftUpdateCheck = 1410;
				LastUpgradeCheck = 1410;
				TargetAttributes = {
					5E8FB91729BCAE8500BEA6B6 = {
						CreatedOnToolsVersion = 14.1;
					};
				};
			};
			buildConfigurationList = 5E8FB91329BCAE8500BEA6B6 /* Build configuration list for PBXProject "BreakingNewsNetwork" */;
			compatibilityVersion = "Xcode 14.0";
			developmentRegion = en;
			hasScannedForEncodings = 0;
			knownRegions = (
				en,
				Base,
			);
			mainGroup = 5E8FB90F29BCAE8500BEA6B6;
			productRefGroup = 5E8FB91929BCAE8500BEA6B6 /* Products */;
			projectDirPath = "";
			projectRoot = "";
			targets = (
				5E8FB91729BCAE8500BEA6B6 /* BreakingNewsNetwork */,
			);
		};
/* End PBXProject section */

/* Begin PBXResourcesBuildPhase section */
		5E8FB91629BCAE8500BEA6B6 /* Resources */ = {
			isa = PBXResourcesBuildPhase;
			buildActionMask = 2147483647;
			files = (
				5E8FB92829BCAE8700BEA6B6 /* LaunchScreen.storyboard in Resources */,
				5E8FB92529BCAE8700BEA6B6 /* Assets.xcassets in Resources */,
			);
			runOnlyForDeploymentPostprocessing = 0;
		};
/* End PBXResourcesBuildPhase section */

/* Begin PBXSourcesBuildPhase section */
		5E8FB91429BCAE8500BEA6B6 /* Sources */ = {
			isa = PBXSourcesBuildPhase;
			buildActionMask = 2147483647;
			files = (
				5E8FB93829BCC7A300BEA6B6 /* NetworkManager.swift in Sources */,
				5E8FB92029BCAE8500BEA6B6 /* ViewController.swift in Sources */,
				5E8FB91C29BCAE8500BEA6B6 /* AppDelegate.swift in Sources */,
				5E8FB93229BCC32300BEA6B6 /* APIKey.swift in Sources */,
				5E8FB93529BCC48800BEA6B6 /* News.swift in Sources */,
				5E8FB91E29BCAE8500BEA6B6 /* SceneDelegate.swift in Sources */,
			);
			runOnlyForDeploymentPostprocessing = 0;
		};
/* End PBXSourcesBuildPhase section */

/* Begin PBXVariantGroup section */
		5E8FB92629BCAE8700BEA6B6 /* LaunchScreen.storyboard */ = {
			isa = PBXVariantGroup;
			children = (
				5E8FB92729BCAE8700BEA6B6 /* Base */,
			);
			name = LaunchScreen.storyboard;
			sourceTree = "<group>";
		};
/* End PBXVariantGroup section */

/* Begin XCBuildConfiguration section */
		5E8FB92A29BCAE8700BEA6B6 /* Debug */ = {
			isa = XCBuildConfiguration;
			buildSettings = {
				ALWAYS_SEARCH_USER_PATHS = NO;
				CLANG_ANALYZER_NONNULL = YES;
				CLANG_ANALYZER_NUMBER_OBJECT_CONVERSION = YES_AGGRESSIVE;
				CLANG_CXX_LANGUAGE_STANDARD = "gnu++20";
				CLANG_ENABLE_MODULES = YES;
				CLANG_ENABLE_OBJC_ARC = YES;
				CLANG_ENABLE_OBJC_WEAK = YES;
				CLANG_WARN_BLOCK_CAPTURE_AUTORELEASING = YES;
				CLANG_WARN_BOOL_CONVERSION = YES;
				CLANG_WARN_COMMA = YES;
				CLANG_WARN_CONSTANT_CONVERSION = YES;
				CLANG_WARN_DEPRECATED_OBJC_IMPLEMENTATIONS = YES;
				CLANG_WARN_DIRECT_OBJC_ISA_USAGE = YES_ERROR;
				CLANG_WARN_DOCUMENTATION_COMMENTS = YES;
				CLANG_WARN_EMPTY_BODY = YES;
				CLANG_WARN_ENUM_CONVERSION = YES;
				CLANG_WARN_INFINITE_RECURSION = YES;
				CLANG_WARN_INT_CONVERSION = YES;
				CLANG_WARN_NON_LITERAL_NULL_CONVERSION = YES;
				CLANG_WARN_OBJC_IMPLICIT_RETAIN_SELF = YES;
				CLANG_WARN_OBJC_LITERAL_CONVERSION = YES;
				CLANG_WARN_OBJC_ROOT_CLASS = YES_ERROR;
				CLANG_WARN_QUOTED_INCLUDE_IN_FRAMEWORK_HEADER = YES;
				CLANG_WARN_RANGE_LOOP_ANALYSIS = YES;
				CLANG_WARN_STRICT_PROTOTYPES = YES;
				CLANG_WARN_SUSPICIOUS_MOVE = YES;
				CLANG_WARN_UNGUARDED_AVAILABILITY = YES_AGGRESSIVE;
				CLANG_WARN_UNREACHABLE_CODE = YES;
				CLANG_WARN__DUPLICATE_METHOD_MATCH = YES;
				COPY_PHASE_STRIP = NO;
				DEBUG_INFORMATION_FORMAT = dwarf;
				ENABLE_STRICT_OBJC_MSGSEND = YES;
				ENABLE_TESTABILITY = YES;
				GCC_C_LANGUAGE_STANDARD = gnu11;
				GCC_DYNAMIC_NO_PIC = NO;
				GCC_NO_COMMON_BLOCKS = YES;
				GCC_OPTIMIZATION_LEVEL = 0;
				GCC_PREPROCESSOR_DEFINITIONS = (
					"DEBUG=1",
					"$(inherited)",
				);
				GCC_WARN_64_TO_32_BIT_CONVERSION = YES;
				GCC_WARN_ABOUT_RETURN_TYPE = YES_ERROR;
				GCC_WARN_UNDECLARED_SELECTOR = YES;
				GCC_WARN_UNINITIALIZED_AUTOS = YES_AGGRESSIVE;
				GCC_WARN_UNUSED_FUNCTION = YES;
				GCC_WARN_UNUSED_VARIABLE = YES;
				IPHONEOS_DEPLOYMENT_TARGET = 16.1;
				MTL_ENABLE_DEBUG_INFO = INCLUDE_SOURCE;
				MTL_FAST_MATH = YES;
				ONLY_ACTIVE_ARCH = YES;
				SDKROOT = iphoneos;
				SWIFT_ACTIVE_COMPILATION_CONDITIONS = DEBUG;
				SWIFT_OPTIMIZATION_LEVEL = "-Onone";
			};
			name = Debug;
		};
		5E8FB92B29BCAE8700BEA6B6 /* Release */ = {
			isa = XCBuildConfiguration;
			buildSettings = {
				ALWAYS_SEARCH_USER_PATHS = NO;
				CLANG_ANALYZER_NONNULL = YES;
				CLANG_ANALYZER_NUMBER_OBJECT_CONVERSION = YES_AGGRESSIVE;
				CLANG_CXX_LANGUAGE_STANDARD = "gnu++20";
				CLANG_ENABLE_MODULES = YES;
				CLANG_ENABLE_OBJC_ARC = YES;
				CLANG_ENABLE_OBJC_WEAK = YES;
				CLANG_WARN_BLOCK_CAPTURE_AUTORELEASING = YES;
				CLANG_WARN_BOOL_CONVERSION = YES;
				CLANG_WARN_COMMA = YES;
				CLANG_WARN_CONSTANT_CONVERSION = YES;
				CLANG_WARN_DEPRECATED_OBJC_IMPLEMENTATIONS = YES;
				CLANG_WARN_DIRECT_OBJC_ISA_USAGE = YES_ERROR;
				CLANG_WARN_DOCUMENTATION_COMMENTS = YES;
				CLANG_WARN_EMPTY_BODY = YES;
				CLANG_WARN_ENUM_CONVERSION = YES;
				CLANG_WARN_INFINITE_RECURSION = YES;
				CLANG_WARN_INT_CONVERSION = YES;
				CLANG_WARN_NON_LITERAL_NULL_CONVERSION = YES;
				CLANG_WARN_OBJC_IMPLICIT_RETAIN_SELF = YES;
				CLANG_WARN_OBJC_LITERAL_CONVERSION = YES;
				CLANG_WARN_OBJC_ROOT_CLASS = YES_ERROR;
				CLANG_WARN_QUOTED_INCLUDE_IN_FRAMEWORK_HEADER = YES;
				CLANG_WARN_RANGE_LOOP_ANALYSIS = YES;
				CLANG_WARN_STRICT_PROTOTYPES = YES;
				CLANG_WARN_SUSPICIOUS_MOVE = YES;
				CLANG_WARN_UNGUARDED_AVAILABILITY = YES_AGGRESSIVE;
				CLANG_WARN_UNREACHABLE_CODE = YES;
				CLANG_WARN__DUPLICATE_METHOD_MATCH = YES;
				COPY_PHASE_STRIP = NO;
				DEBUG_INFORMATION_FORMAT = "dwarf-with-dsym";
				ENABLE_NS_ASSERTIONS = NO;
				ENABLE_STRICT_OBJC_MSGSEND = YES;
				GCC_C_LANGUAGE_STANDARD = gnu11;
				GCC_NO_COMMON_BLOCKS = YES;
				GCC_WARN_64_TO_32_BIT_CONVERSION = YES;
				GCC_WARN_ABOUT_RETURN_TYPE = YES_ERROR;
				GCC_WARN_UNDECLARED_SELECTOR = YES;
				GCC_WARN_UNINITIALIZED_AUTOS = YES_AGGRESSIVE;
				GCC_WARN_UNUSED_FUNCTION = YES;
				GCC_WARN_UNUSED_VARIABLE = YES;
				IPHONEOS_DEPLOYMENT_TARGET = 16.1;
				MTL_ENABLE_DEBUG_INFO = NO;
				MTL_FAST_MATH = YES;
				SDKROOT = iphoneos;
				SWIFT_COMPILATION_MODE = wholemodule;
				SWIFT_OPTIMIZATION_LEVEL = "-O";
				VALIDATE_PRODUCT = YES;
			};
			name = Release;
		};
		5E8FB92D29BCAE8700BEA6B6 /* Debug */ = {
			isa = XCBuildConfiguration;
			buildSettings = {
				ASSETCATALOG_COMPILER_APPICON_NAME = AppIcon;
				ASSETCATALOG_COMPILER_GLOBAL_ACCENT_COLOR_NAME = AccentColor;
				CODE_SIGN_STYLE = Automatic;
				CURRENT_PROJECT_VERSION = 1;
				GENERATE_INFOPLIST_FILE = YES;
				INFOPLIST_FILE = BreakingNewsNetwork/DefaultFiles/Info.plist;
				INFOPLIST_KEY_UIApplicationSupportsIndirectInputEvents = YES;
				INFOPLIST_KEY_UILaunchStoryboardName = LaunchScreen;
				INFOPLIST_KEY_UISupportedInterfaceOrientations_iPad = "UIInterfaceOrientationPortrait UIInterfaceOrientationPortraitUpsideDown UIInterfaceOrientationLandscapeLeft UIInterfaceOrientationLandscapeRight";
				INFOPLIST_KEY_UISupportedInterfaceOrientations_iPhone = "UIInterfaceOrientationPortrait UIInterfaceOrientationLandscapeLeft UIInterfaceOrientationLandscapeRight";
				LD_RUNPATH_SEARCH_PATHS = (
					"$(inherited)",
					"@executable_path/Frameworks",
				);
				MARKETING_VERSION = 1.0;
				PRODUCT_BUNDLE_IDENTIFIER = ua.BreakingNewsNetwork;
				PRODUCT_NAME = "$(TARGET_NAME)";
				SWIFT_EMIT_LOC_STRINGS = YES;
				SWIFT_VERSION = 5.0;
				TARGETED_DEVICE_FAMILY = "1,2";
			};
			name = Debug;
		};
		5E8FB92E29BCAE8700BEA6B6 /* Release */ = {
			isa = XCBuildConfiguration;
			buildSettings = {
				ASSETCATALOG_COMPILER_APPICON_NAME = AppIcon;
				ASSETCATALOG_COMPILER_GLOBAL_ACCENT_COLOR_NAME = AccentColor;
				CODE_SIGN_STYLE = Automatic;
				CURRENT_PROJECT_VERSION = 1;
				GENERATE_INFOPLIST_FILE = YES;
				INFOPLIST_FILE = BreakingNewsNetwork/DefaultFiles/Info.plist;
				INFOPLIST_KEY_UIApplicationSupportsIndirectInputEvents = YES;
				INFOPLIST_KEY_UILaunchStoryboardName = LaunchScreen;
				INFOPLIST_KEY_UISupportedInterfaceOrientations_iPad = "UIInterfaceOrientationPortrait UIInterfaceOrientationPortraitUpsideDown UIInterfaceOrientationLandscapeLeft UIInterfaceOrientationLandscapeRight";
				INFOPLIST_KEY_UISupportedInterfaceOrientations_iPhone = "UIInterfaceOrientationPortrait UIInterfaceOrientationLandscapeLeft UIInterfaceOrientationLandscapeRight";
				LD_RUNPATH_SEARCH_PATHS = (
					"$(inherited)",
					"@executable_path/Frameworks",
				);
				MARKETING_VERSION = 1.0;
				PRODUCT_BUNDLE_IDENTIFIER = ua.BreakingNewsNetwork;
				PRODUCT_NAME = "$(TARGET_NAME)";
				SWIFT_EMIT_LOC_STRINGS = YES;
				SWIFT_VERSION = 5.0;
				TARGETED_DEVICE_FAMILY = "1,2";
			};
			name = Release;
		};
/* End XCBuildConfiguration section */

/* Begin XCConfigurationList section */
		5E8FB91329BCAE8500BEA6B6 /* Build configuration list for PBXProject "BreakingNewsNetwork" */ = {
			isa = XCConfigurationList;
			buildConfigurations = (
				5E8FB92A29BCAE8700BEA6B6 /* Debug */,
				5E8FB92B29BCAE8700BEA6B6 /* Release */,
			);
			defaultConfigurationIsVisible = 0;
			defaultConfigurationName = Release;
		};
		5E8FB92C29BCAE8700BEA6B6 /* Build configuration list for PBXNativeTarget "BreakingNewsNetwork" */ = {
			isa = XCConfigurationList;
			buildConfigurations = (
				5E8FB92D29BCAE8700BEA6B6 /* Debug */,
				5E8FB92E29BCAE8700BEA6B6 /* Release */,
			);
			defaultConfigurationIsVisible = 0;
			defaultConfigurationName = Release;
		};
/* End XCConfigurationList section */
	};
	rootObject = 5E8FB91029BCAE8500BEA6B6 /* Project object */;
}
